
Microsoft Visual Studio Solution File, Format Version 12.00
# Visual Studio 15
VisualStudioVersion = 15.0.27130.2020
MinimumVisualStudioVersion = 10.0.40219.1
Project("{2150E333-8FDC-42A3-9474-1A3956D46DE8}") = "src", "src", "{551D14D7-7B17-41B8-88FC-A4946B692D3F}"
EndProject
Project("{2150E333-8FDC-42A3-9474-1A3956D46DE8}") = "samples", "samples", "{177850F8-A17D-4FEC-864A-2D62D42BABF3}"
EndProject
Project("{9A19103F-16F7-4668-BE54-9A1E7A4F7556}") = "Identity.WebApp", "samples\simple\Identity.WebApp\Identity.WebApp.csproj", "{E685A6F8-5157-471E-9E8B-17B79E1044BC}"
EndProject
Project("{9A19103F-16F7-4668-BE54-9A1E7A4F7556}") = "Simple.WebApp", "samples\simple\Simple.WebApp\Simple.WebApp.csproj", "{11D3D81A-5682-423C-A211-2D1BE9077A2F}"
EndProject
Project("{9A19103F-16F7-4668-BE54-9A1E7A4F7556}") = "Distributed.Mvc", "src\Distributed.Mvc\Distributed.Mvc.csproj", "{0EFBE8B6-923A-445E-B876-723467569760}"
EndProject
Project("{9A19103F-16F7-4668-BE54-9A1E7A4F7556}") = "AppService", "src\AppService\AppService.csproj", "{A3F7E806-9AE4-45A0-B4B1-85583CB2FBB2}"
EndProject
Project("{9A19103F-16F7-4668-BE54-9A1E7A4F7556}") = "Domain", "src\Domain\Domain.csproj", "{A1B96A49-2F3D-43F7-9408-BD3B9507CC32}"
EndProject
Project("{9A19103F-16F7-4668-BE54-9A1E7A4F7556}") = "Infrastructure", "src\Infrastructure\Infrastructure.csproj", "{30A53220-EF25-4EC0-BF31-57B02B35BBAC}"
EndProject
Project("{9A19103F-16F7-4668-BE54-9A1E7A4F7556}") = "Crosscutting", "src\Crosscutting\Crosscutting.csproj", "{AD93C2E5-401C-4048-97F1-86A7B188CCEE}"
EndProject
Project("{2150E333-8FDC-42A3-9474-1A3956D46DE8}") = "1 - Distributed", "1 - Distributed", "{C76E0EBA-A1E6-46D2-B36D-0B9833D64C80}"
EndProject
Project("{2150E333-8FDC-42A3-9474-1A3956D46DE8}") = "2 - AppService", "2 - AppService", "{68F90725-7DD1-4272-9A26-0E9074C902D7}"
EndProject
Project("{2150E333-8FDC-42A3-9474-1A3956D46DE8}") = "3 - Domain", "3 - Domain", "{6219F4A2-A9C3-443C-AB45-1C66F6DCB95F}"
EndProject
Project("{2150E333-8FDC-42A3-9474-1A3956D46DE8}") = "4 - Infrastructure", "4 - Infrastructure", "{3222338E-856E-46B1-91C4-0E646A035440}"
EndProject
Project("{2150E333-8FDC-42A3-9474-1A3956D46DE8}") = "5 - Crosscutting", "5 - Crosscutting", "{683CB0BC-D67A-4B04-B87D-A6CE04856A53}"
EndProject
Project("{2150E333-8FDC-42A3-9474-1A3956D46DE8}") = "6 - Providers", "6 - Providers", "{B275ECD4-1C0D-4C07-8C42-25450EBC0F7F}"
EndProject
Project("{9A19103F-16F7-4668-BE54-9A1E7A4F7556}") = "Provider.Core", "src\Provider.Core\Provider.Core.csproj", "{51C21679-802C-4DC4-98EB-D12A8D625638}"
EndProject
Project("{9A19103F-16F7-4668-BE54-9A1E7A4F7556}") = "Provider.FileSystem", "src\Provider.FileSystem\Provider.FileSystem.csproj", "{102BC91F-B5A8-4125-8064-C5A5904B4628}"
EndProject
Project("{FAE04EC0-301F-11D3-BF4B-00C04F79EFBC}") = "Dto", "src\Dto\Dto.csproj", "{1C58A746-D512-4108-A439-778A3A00ECFA}"
EndProject
Global
	GlobalSection(SolutionConfigurationPlatforms) = preSolution
		Debug|Any CPU = Debug|Any CPU
		Release|Any CPU = Release|Any CPU
	EndGlobalSection
	GlobalSection(ProjectConfigurationPlatforms) = postSolution
		{E685A6F8-5157-471E-9E8B-17B79E1044BC}.Debug|Any CPU.ActiveCfg = Debug|Any CPU
		{E685A6F8-5157-471E-9E8B-17B79E1044BC}.Debug|Any CPU.Build.0 = Debug|Any CPU
		{E685A6F8-5157-471E-9E8B-17B79E1044BC}.Release|Any CPU.ActiveCfg = Release|Any CPU
		{E685A6F8-5157-471E-9E8B-17B79E1044BC}.Release|Any CPU.Build.0 = Release|Any CPU
		{11D3D81A-5682-423C-A211-2D1BE9077A2F}.Debug|Any CPU.ActiveCfg = Debug|Any CPU
		{11D3D81A-5682-423C-A211-2D1BE9077A2F}.Debug|Any CPU.Build.0 = Debug|Any CPU
		{11D3D81A-5682-423C-A211-2D1BE9077A2F}.Release|Any CPU.ActiveCfg = Release|Any CPU
		{11D3D81A-5682-423C-A211-2D1BE9077A2F}.Release|Any CPU.Build.0 = Release|Any CPU
		{0EFBE8B6-923A-445E-B876-723467569760}.Debug|Any CPU.ActiveCfg = Debug|Any CPU
		{0EFBE8B6-923A-445E-B876-723467569760}.Debug|Any CPU.Build.0 = Debug|Any CPU
		{0EFBE8B6-923A-445E-B876-723467569760}.Release|Any CPU.ActiveCfg = Release|Any CPU
		{0EFBE8B6-923A-445E-B876-723467569760}.Release|Any CPU.Build.0 = Release|Any CPU
		{A3F7E806-9AE4-45A0-B4B1-85583CB2FBB2}.Debug|Any CPU.ActiveCfg = Debug|Any CPU
		{A3F7E806-9AE4-45A0-B4B1-85583CB2FBB2}.Debug|Any CPU.Build.0 = Debug|Any CPU
		{A3F7E806-9AE4-45A0-B4B1-85583CB2FBB2}.Release|Any CPU.ActiveCfg = Release|Any CPU
		{A3F7E806-9AE4-45A0-B4B1-85583CB2FBB2}.Release|Any CPU.Build.0 = Release|Any CPU
		{A1B96A49-2F3D-43F7-9408-BD3B9507CC32}.Debug|Any CPU.ActiveCfg = Debug|Any CPU
		{A1B96A49-2F3D-43F7-9408-BD3B9507CC32}.Debug|Any CPU.Build.0 = Debug|Any CPU
		{A1B96A49-2F3D-43F7-9408-BD3B9507CC32}.Release|Any CPU.ActiveCfg = Release|Any CPU
		{A1B96A49-2F3D-43F7-9408-BD3B9507CC32}.Release|Any CPU.Build.0 = Release|Any CPU
		{30A53220-EF25-4EC0-BF31-57B02B35BBAC}.Debug|Any CPU.ActiveCfg = Debug|Any CPU
		{30A53220-EF25-4EC0-BF31-57B02B35BBAC}.Debug|Any CPU.Build.0 = Debug|Any CPU
		{30A53220-EF25-4EC0-BF31-57B02B35BBAC}.Release|Any CPU.ActiveCfg = Release|Any CPU
		{30A53220-EF25-4EC0-BF31-57B02B35BBAC}.Release|Any CPU.Build.0 = Release|Any CPU
		{AD93C2E5-401C-4048-97F1-86A7B188CCEE}.Debug|Any CPU.ActiveCfg = Debug|Any CPU
		{AD93C2E5-401C-4048-97F1-86A7B188CCEE}.Debug|Any CPU.Build.0 = Debug|Any CPU
		{AD93C2E5-401C-4048-97F1-86A7B188CCEE}.Release|Any CPU.ActiveCfg = Release|Any CPU
		{AD93C2E5-401C-4048-97F1-86A7B188CCEE}.Release|Any CPU.Build.0 = Release|Any CPU
		{51C21679-802C-4DC4-98EB-D12A8D625638}.Debug|Any CPU.ActiveCfg = Debug|Any CPU
		{51C21679-802C-4DC4-98EB-D12A8D625638}.Debug|Any CPU.Build.0 = Debug|Any CPU
		{51C21679-802C-4DC4-98EB-D12A8D625638}.Release|Any CPU.ActiveCfg = Release|Any CPU
		{51C21679-802C-4DC4-98EB-D12A8D625638}.Release|Any CPU.Build.0 = Release|Any CPU
		{102BC91F-B5A8-4125-8064-C5A5904B4628}.Debug|Any CPU.ActiveCfg = Debug|Any CPU
		{102BC91F-B5A8-4125-8064-C5A5904B4628}.Debug|Any CPU.Build.0 = Debug|Any CPU
		{102BC91F-B5A8-4125-8064-C5A5904B4628}.Release|Any CPU.ActiveCfg = Release|Any CPU
		{102BC91F-B5A8-4125-8064-C5A5904B4628}.Release|Any CPU.Build.0 = Release|Any CPU
		{1C58A746-D512-4108-A439-778A3A00ECFA}.Debug|Any CPU.ActiveCfg = Debug|Any CPU
		{1C58A746-D512-4108-A439-778A3A00ECFA}.Debug|Any CPU.Build.0 = Debug|Any CPU
		{1C58A746-D512-4108-A439-778A3A00ECFA}.Release|Any CPU.ActiveCfg = Release|Any CPU
		{1C58A746-D512-4108-A439-778A3A00ECFA}.Release|Any CPU.Build.0 = Release|Any CPU
	EndGlobalSection
	GlobalSection(SolutionProperties) = preSolution
		HideSolutionNode = FALSE
	EndGlobalSection
	GlobalSection(NestedProjects) = preSolution
		{E685A6F8-5157-471E-9E8B-17B79E1044BC} = {177850F8-A17D-4FEC-864A-2D62D42BABF3}
		{11D3D81A-5682-423C-A211-2D1BE9077A2F} = {177850F8-A17D-4FEC-864A-2D62D42BABF3}
		{0EFBE8B6-923A-445E-B876-723467569760} = {C76E0EBA-A1E6-46D2-B36D-0B9833D64C80}
		{A3F7E806-9AE4-45A0-B4B1-85583CB2FBB2} = {68F90725-7DD1-4272-9A26-0E9074C902D7}
		{A1B96A49-2F3D-43F7-9408-BD3B9507CC32} = {6219F4A2-A9C3-443C-AB45-1C66F6DCB95F}
		{30A53220-EF25-4EC0-BF31-57B02B35BBAC} = {3222338E-856E-46B1-91C4-0E646A035440}
		{AD93C2E5-401C-4048-97F1-86A7B188CCEE} = {683CB0BC-D67A-4B04-B87D-A6CE04856A53}
		{C76E0EBA-A1E6-46D2-B36D-0B9833D64C80} = {551D14D7-7B17-41B8-88FC-A4946B692D3F}
		{68F90725-7DD1-4272-9A26-0E9074C902D7} = {551D14D7-7B17-41B8-88FC-A4946B692D3F}
		{6219F4A2-A9C3-443C-AB45-1C66F6DCB95F} = {551D14D7-7B17-41B8-88FC-A4946B692D3F}
		{3222338E-856E-46B1-91C4-0E646A035440} = {551D14D7-7B17-41B8-88FC-A4946B692D3F}
		{683CB0BC-D67A-4B04-B87D-A6CE04856A53} = {551D14D7-7B17-41B8-88FC-A4946B692D3F}
		{B275ECD4-1C0D-4C07-8C42-25450EBC0F7F} = {551D14D7-7B17-41B8-88FC-A4946B692D3F}
		{51C21679-802C-4DC4-98EB-D12A8D625638} = {B275ECD4-1C0D-4C07-8C42-25450EBC0F7F}
		{102BC91F-B5A8-4125-8064-C5A5904B4628} = {B275ECD4-1C0D-4C07-8C42-25450EBC0F7F}
		{1C58A746-D512-4108-A439-778A3A00ECFA} = {68F90725-7DD1-4272-9A26-0E9074C902D7}
	EndGlobalSection
	GlobalSection(ExtensibilityGlobals) = postSolution
		SolutionGuid = {2E7A85AA-53A4-44BF-8ADF-A176AFF0C3AB}
	EndGlobalSection
EndGlobal
