
Microsoft Visual Studio Solution File, Format Version 12.00
# Visual Studio 15
VisualStudioVersion = 15.0.27130.2010
MinimumVisualStudioVersion = 10.0.40219.1
Project("{FAE04EC0-301F-11D3-BF4B-00C04F79EFBC}") = "Core", "src\Core\Core.csproj", "{48A545B6-6A6B-4D1E-8489-C9D0A88A79F2}"
EndProject
Global
	GlobalSection(SolutionConfigurationPlatforms) = preSolution
		Debug|Any CPU = Debug|Any CPU
		Release|Any CPU = Release|Any CPU
	EndGlobalSection
	GlobalSection(ProjectConfigurationPlatforms) = postSolution
		{48A545B6-6A6B-4D1E-8489-C9D0A88A79F2}.Debug|Any CPU.ActiveCfg = Debug|Any CPU
		{48A545B6-6A6B-4D1E-8489-C9D0A88A79F2}.Debug|Any CPU.Build.0 = Debug|Any CPU
		{48A545B6-6A6B-4D1E-8489-C9D0A88A79F2}.Release|Any CPU.ActiveCfg = Release|Any CPU
		{48A545B6-6A6B-4D1E-8489-C9D0A88A79F2}.Release|Any CPU.Build.0 = Release|Any CPU
	EndGlobalSection
	GlobalSection(SolutionProperties) = preSolution
		HideSolutionNode = FALSE
	EndGlobalSection
	GlobalSection(ExtensibilityGlobals) = postSolution
		SolutionGuid = {2E7A85AA-53A4-44BF-8ADF-A176AFF0C3AB}
	EndGlobalSection
EndGlobal
